
Microsoft Visual Studio Solution File, Format Version 12.00
# Visual Studio 15
VisualStudioVersion = 15.0.27004.2010
MinimumVisualStudioVersion = 10.0.40219.1
Project("{FAE04EC0-301F-11D3-BF4B-00C04F79EFBC}") = "DinWebsite", "DinWebsite\DinWebsite.csproj", "{425E48B7-FF0C-444F-B5F7-84A4CB812FF1}"
EndProject
Project("{FAE04EC0-301F-11D3-BF4B-00C04F79EFBC}") = "DinWebsite.Database", "DinWebsite.Database\DinWebsite.Database.csproj", "{93AA44D5-3170-4EA7-8CB8-41B5A130EDD9}"
EndProject
Project("{FAE04EC0-301F-11D3-BF4B-00C04F79EFBC}") = "DinWebsite.Ldap", "DinWebsite.Ldap\DinWebsite.Ldap.csproj", "{AA757D57-C87F-46A6-9EF1-6FD2FD98E089}"
EndProject
Project("{FAE04EC0-301F-11D3-BF4B-00C04F79EFBC}") = "DinWebsite.Logic", "DinWebsite.Logic\DinWebsite.Logic.csproj", "{F5572EA8-7040-458D-9266-AE61E1E12F33}"
EndProject
Project("{FAE04EC0-301F-11D3-BF4B-00C04F79EFBC}") = "DinWebsite.Models", "DinWebsite.Models\DinWebsite.Models.csproj", "{D024C029-5FC8-4DAA-9AD4-03A86A90CFAA}"
EndProject
Project("{FAE04EC0-301F-11D3-BF4B-00C04F79EFBC}") = "DinWebsite.Test", "DinWebsite.Test\DinWebsite.Test.csproj", "{C236C0C5-D96E-401F-B156-072C674A7584}"
EndProject
Global
	GlobalSection(SolutionConfigurationPlatforms) = preSolution
		Debug|Any CPU = Debug|Any CPU
		Release|Any CPU = Release|Any CPU
	EndGlobalSection
	GlobalSection(ProjectConfigurationPlatforms) = postSolution
		{425E48B7-FF0C-444F-B5F7-84A4CB812FF1}.Debug|Any CPU.ActiveCfg = Debug|Any CPU
		{425E48B7-FF0C-444F-B5F7-84A4CB812FF1}.Debug|Any CPU.Build.0 = Debug|Any CPU
		{425E48B7-FF0C-444F-B5F7-84A4CB812FF1}.Release|Any CPU.ActiveCfg = Release|Any CPU
		{425E48B7-FF0C-444F-B5F7-84A4CB812FF1}.Release|Any CPU.Build.0 = Release|Any CPU
		{93AA44D5-3170-4EA7-8CB8-41B5A130EDD9}.Debug|Any CPU.ActiveCfg = Debug|Any CPU
		{93AA44D5-3170-4EA7-8CB8-41B5A130EDD9}.Debug|Any CPU.Build.0 = Debug|Any CPU
		{93AA44D5-3170-4EA7-8CB8-41B5A130EDD9}.Release|Any CPU.ActiveCfg = Release|Any CPU
		{93AA44D5-3170-4EA7-8CB8-41B5A130EDD9}.Release|Any CPU.Build.0 = Release|Any CPU
		{AA757D57-C87F-46A6-9EF1-6FD2FD98E089}.Debug|Any CPU.ActiveCfg = Debug|Any CPU
		{AA757D57-C87F-46A6-9EF1-6FD2FD98E089}.Debug|Any CPU.Build.0 = Debug|Any CPU
		{AA757D57-C87F-46A6-9EF1-6FD2FD98E089}.Release|Any CPU.ActiveCfg = Release|Any CPU
		{AA757D57-C87F-46A6-9EF1-6FD2FD98E089}.Release|Any CPU.Build.0 = Release|Any CPU
		{F5572EA8-7040-458D-9266-AE61E1E12F33}.Debug|Any CPU.ActiveCfg = Debug|Any CPU
		{F5572EA8-7040-458D-9266-AE61E1E12F33}.Debug|Any CPU.Build.0 = Debug|Any CPU
		{F5572EA8-7040-458D-9266-AE61E1E12F33}.Release|Any CPU.ActiveCfg = Release|Any CPU
		{F5572EA8-7040-458D-9266-AE61E1E12F33}.Release|Any CPU.Build.0 = Release|Any CPU
		{D024C029-5FC8-4DAA-9AD4-03A86A90CFAA}.Debug|Any CPU.ActiveCfg = Debug|Any CPU
		{D024C029-5FC8-4DAA-9AD4-03A86A90CFAA}.Debug|Any CPU.Build.0 = Debug|Any CPU
		{D024C029-5FC8-4DAA-9AD4-03A86A90CFAA}.Release|Any CPU.ActiveCfg = Release|Any CPU
		{D024C029-5FC8-4DAA-9AD4-03A86A90CFAA}.Release|Any CPU.Build.0 = Release|Any CPU
		{C236C0C5-D96E-401F-B156-072C674A7584}.Debug|Any CPU.ActiveCfg = Debug|Any CPU
		{C236C0C5-D96E-401F-B156-072C674A7584}.Debug|Any CPU.Build.0 = Debug|Any CPU
		{C236C0C5-D96E-401F-B156-072C674A7584}.Release|Any CPU.ActiveCfg = Release|Any CPU
		{C236C0C5-D96E-401F-B156-072C674A7584}.Release|Any CPU.Build.0 = Release|Any CPU
	EndGlobalSection
	GlobalSection(SolutionProperties) = preSolution
		HideSolutionNode = FALSE
	EndGlobalSection
	GlobalSection(ExtensibilityGlobals) = postSolution
		SolutionGuid = {4808117E-3C8C-43C6-9DEB-81C4F121B3DA}
	EndGlobalSection
EndGlobal
